
Microsoft Visual Studio Solution File, Format Version 12.00
# Visual Studio Version 17
VisualStudioVersion = 17.13.35931.197 d17.13
MinimumVisualStudioVersion = 10.0.40219.1
Project("{8BC9CEB8-8B4A-11D0-8D11-00A0C91BC942}") = "01. Change Bureau", "01. Change Bureau\01. Change Bureau.vcxproj", "{67075A4B-6F2A-46C2-9565-01A420803D73}"
EndProject
Global
	GlobalSection(SolutionConfigurationPlatforms) = preSolution
		Debug|x64 = Debug|x64
		Debug|x86 = Debug|x86
		Release|x64 = Release|x64
		Release|x86 = Release|x86
	EndGlobalSection
	GlobalSection(ProjectConfigurationPlatforms) = postSolution
		{67075A4B-6F2A-46C2-9565-01A420803D73}.Debug|x64.ActiveCfg = Debug|x64
		{67075A4B-6F2A-46C2-9565-01A420803D73}.Debug|x64.Build.0 = Debug|x64
		{67075A4B-6F2A-46C2-9565-01A420803D73}.Debug|x86.ActiveCfg = Debug|Win32
		{67075A4B-6F2A-46C2-9565-01A420803D73}.Debug|x86.Build.0 = Debug|Win32
		{67075A4B-6F2A-46C2-9565-01A420803D73}.Release|x64.ActiveCfg = Release|x64
		{67075A4B-6F2A-46C2-9565-01A420803D73}.Release|x64.Build.0 = Release|x64
		{67075A4B-6F2A-46C2-9565-01A420803D73}.Release|x86.ActiveCfg = Release|Win32
		{67075A4B-6F2A-46C2-9565-01A420803D73}.Release|x86.Build.0 = Release|Win32
	EndGlobalSection
	GlobalSection(SolutionProperties) = preSolution
		HideSolutionNode = FALSE
	EndGlobalSection
	GlobalSection(ExtensibilityGlobals) = postSolution
		SolutionGuid = {09D75D32-E945-4D30-9AD8-754A30EB7733}
	EndGlobalSection
EndGlobal
