
Microsoft Visual Studio Solution File, Format Version 12.00
# Visual Studio Version 17
VisualStudioVersion = 17.13.35931.197 d17.13
MinimumVisualStudioVersion = 10.0.40219.1
Project("{8BC9CEB8-8B4A-11D0-8D11-00A0C91BC942}") = "01. Movie Profit", "01. Movie Profit\01. Movie Profit.vcxproj", "{D6504498-259D-46C6-B2C8-C92DBCE8590F}"
EndProject
Global
	GlobalSection(SolutionConfigurationPlatforms) = preSolution
		Debug|x64 = Debug|x64
		Debug|x86 = Debug|x86
		Release|x64 = Release|x64
		Release|x86 = Release|x86
	EndGlobalSection
	GlobalSection(ProjectConfigurationPlatforms) = postSolution
		{D6504498-259D-46C6-B2C8-C92DBCE8590F}.Debug|x64.ActiveCfg = Debug|x64
		{D6504498-259D-46C6-B2C8-C92DBCE8590F}.Debug|x64.Build.0 = Debug|x64
		{D6504498-259D-46C6-B2C8-C92DBCE8590F}.Debug|x86.ActiveCfg = Debug|Win32
		{D6504498-259D-46C6-B2C8-C92DBCE8590F}.Debug|x86.Build.0 = Debug|Win32
		{D6504498-259D-46C6-B2C8-C92DBCE8590F}.Release|x64.ActiveCfg = Release|x64
		{D6504498-259D-46C6-B2C8-C92DBCE8590F}.Release|x64.Build.0 = Release|x64
		{D6504498-259D-46C6-B2C8-C92DBCE8590F}.Release|x86.ActiveCfg = Release|Win32
		{D6504498-259D-46C6-B2C8-C92DBCE8590F}.Release|x86.Build.0 = Release|Win32
	EndGlobalSection
	GlobalSection(SolutionProperties) = preSolution
		HideSolutionNode = FALSE
	EndGlobalSection
	GlobalSection(ExtensibilityGlobals) = postSolution
		SolutionGuid = {85D37DAD-ACB5-49F1-8F76-36CC9CA1F5BB}
	EndGlobalSection
EndGlobal
