
Microsoft Visual Studio Solution File, Format Version 12.00
# Visual Studio Version 17
VisualStudioVersion = 17.13.35931.197 d17.13
MinimumVisualStudioVersion = 10.0.40219.1
Project("{8BC9CEB8-8B4A-11D0-8D11-00A0C91BC942}") = "03. Deposit Calculator", "03. Deposit Calculator\03. Deposit Calculator.vcxproj", "{763FAF0D-F5EC-4348-9335-372C1C029104}"
EndProject
Global
	GlobalSection(SolutionConfigurationPlatforms) = preSolution
		Debug|x64 = Debug|x64
		Debug|x86 = Debug|x86
		Release|x64 = Release|x64
		Release|x86 = Release|x86
	EndGlobalSection
	GlobalSection(ProjectConfigurationPlatforms) = postSolution
		{763FAF0D-F5EC-4348-9335-372C1C029104}.Debug|x64.ActiveCfg = Debug|x64
		{763FAF0D-F5EC-4348-9335-372C1C029104}.Debug|x64.Build.0 = Debug|x64
		{763FAF0D-F5EC-4348-9335-372C1C029104}.Debug|x86.ActiveCfg = Debug|Win32
		{763FAF0D-F5EC-4348-9335-372C1C029104}.Debug|x86.Build.0 = Debug|Win32
		{763FAF0D-F5EC-4348-9335-372C1C029104}.Release|x64.ActiveCfg = Release|x64
		{763FAF0D-F5EC-4348-9335-372C1C029104}.Release|x64.Build.0 = Release|x64
		{763FAF0D-F5EC-4348-9335-372C1C029104}.Release|x86.ActiveCfg = Release|Win32
		{763FAF0D-F5EC-4348-9335-372C1C029104}.Release|x86.Build.0 = Release|Win32
	EndGlobalSection
	GlobalSection(SolutionProperties) = preSolution
		HideSolutionNode = FALSE
	EndGlobalSection
	GlobalSection(ExtensibilityGlobals) = postSolution
		SolutionGuid = {D2BE4510-BAFE-4F69-856D-4819922EA516}
	EndGlobalSection
EndGlobal
