
Microsoft Visual Studio Solution File, Format Version 12.00
# Visual Studio Version 17
VisualStudioVersion = 17.13.35931.197 d17.13
MinimumVisualStudioVersion = 10.0.40219.1
Project("{8BC9CEB8-8B4A-11D0-8D11-00A0C91BC942}") = "03. Skeleton", "03. Skeleton\03. Skeleton.vcxproj", "{CEDD27EB-2A16-405D-B8B6-4729181F19D2}"
EndProject
Global
	GlobalSection(SolutionConfigurationPlatforms) = preSolution
		Debug|x64 = Debug|x64
		Debug|x86 = Debug|x86
		Release|x64 = Release|x64
		Release|x86 = Release|x86
	EndGlobalSection
	GlobalSection(ProjectConfigurationPlatforms) = postSolution
		{CEDD27EB-2A16-405D-B8B6-4729181F19D2}.Debug|x64.ActiveCfg = Debug|x64
		{CEDD27EB-2A16-405D-B8B6-4729181F19D2}.Debug|x64.Build.0 = Debug|x64
		{CEDD27EB-2A16-405D-B8B6-4729181F19D2}.Debug|x86.ActiveCfg = Debug|Win32
		{CEDD27EB-2A16-405D-B8B6-4729181F19D2}.Debug|x86.Build.0 = Debug|Win32
		{CEDD27EB-2A16-405D-B8B6-4729181F19D2}.Release|x64.ActiveCfg = Release|x64
		{CEDD27EB-2A16-405D-B8B6-4729181F19D2}.Release|x64.Build.0 = Release|x64
		{CEDD27EB-2A16-405D-B8B6-4729181F19D2}.Release|x86.ActiveCfg = Release|Win32
		{CEDD27EB-2A16-405D-B8B6-4729181F19D2}.Release|x86.Build.0 = Release|Win32
	EndGlobalSection
	GlobalSection(SolutionProperties) = preSolution
		HideSolutionNode = FALSE
	EndGlobalSection
	GlobalSection(ExtensibilityGlobals) = postSolution
		SolutionGuid = {F13C6691-01FB-4911-9B2C-F2F5237BCFD2}
	EndGlobalSection
EndGlobal
