
Microsoft Visual Studio Solution File, Format Version 12.00
# Visual Studio Version 17
VisualStudioVersion = 17.13.35931.197 d17.13
MinimumVisualStudioVersion = 10.0.40219.1
Project("{8BC9CEB8-8B4A-11D0-8D11-00A0C91BC942}") = "06. Cinema Tickets", "06. Cinema Tickets\06. Cinema Tickets.vcxproj", "{30F31C93-70E7-4D49-A006-87ACFE4E48F8}"
EndProject
Global
	GlobalSection(SolutionConfigurationPlatforms) = preSolution
		Debug|x64 = Debug|x64
		Debug|x86 = Debug|x86
		Release|x64 = Release|x64
		Release|x86 = Release|x86
	EndGlobalSection
	GlobalSection(ProjectConfigurationPlatforms) = postSolution
		{30F31C93-70E7-4D49-A006-87ACFE4E48F8}.Debug|x64.ActiveCfg = Debug|x64
		{30F31C93-70E7-4D49-A006-87ACFE4E48F8}.Debug|x64.Build.0 = Debug|x64
		{30F31C93-70E7-4D49-A006-87ACFE4E48F8}.Debug|x86.ActiveCfg = Debug|Win32
		{30F31C93-70E7-4D49-A006-87ACFE4E48F8}.Debug|x86.Build.0 = Debug|Win32
		{30F31C93-70E7-4D49-A006-87ACFE4E48F8}.Release|x64.ActiveCfg = Release|x64
		{30F31C93-70E7-4D49-A006-87ACFE4E48F8}.Release|x64.Build.0 = Release|x64
		{30F31C93-70E7-4D49-A006-87ACFE4E48F8}.Release|x86.ActiveCfg = Release|Win32
		{30F31C93-70E7-4D49-A006-87ACFE4E48F8}.Release|x86.Build.0 = Release|Win32
	EndGlobalSection
	GlobalSection(SolutionProperties) = preSolution
		HideSolutionNode = FALSE
	EndGlobalSection
	GlobalSection(ExtensibilityGlobals) = postSolution
		SolutionGuid = {B128102C-C48E-405F-B3EC-3B004510D682}
	EndGlobalSection
EndGlobal
