
Microsoft Visual Studio Solution File, Format Version 12.00
# Visual Studio Version 17
VisualStudioVersion = 17.13.35931.197 d17.13
MinimumVisualStudioVersion = 10.0.40219.1
Project("{8BC9CEB8-8B4A-11D0-8D11-00A0C91BC942}") = "06. Vet Parking", "06. Vet Parking\06. Vet Parking.vcxproj", "{431C28F4-EDD8-4F9B-83B3-22362BA572AE}"
EndProject
Global
	GlobalSection(SolutionConfigurationPlatforms) = preSolution
		Debug|x64 = Debug|x64
		Debug|x86 = Debug|x86
		Release|x64 = Release|x64
		Release|x86 = Release|x86
	EndGlobalSection
	GlobalSection(ProjectConfigurationPlatforms) = postSolution
		{431C28F4-EDD8-4F9B-83B3-22362BA572AE}.Debug|x64.ActiveCfg = Debug|x64
		{431C28F4-EDD8-4F9B-83B3-22362BA572AE}.Debug|x64.Build.0 = Debug|x64
		{431C28F4-EDD8-4F9B-83B3-22362BA572AE}.Debug|x86.ActiveCfg = Debug|Win32
		{431C28F4-EDD8-4F9B-83B3-22362BA572AE}.Debug|x86.Build.0 = Debug|Win32
		{431C28F4-EDD8-4F9B-83B3-22362BA572AE}.Release|x64.ActiveCfg = Release|x64
		{431C28F4-EDD8-4F9B-83B3-22362BA572AE}.Release|x64.Build.0 = Release|x64
		{431C28F4-EDD8-4F9B-83B3-22362BA572AE}.Release|x86.ActiveCfg = Release|Win32
		{431C28F4-EDD8-4F9B-83B3-22362BA572AE}.Release|x86.Build.0 = Release|Win32
	EndGlobalSection
	GlobalSection(SolutionProperties) = preSolution
		HideSolutionNode = FALSE
	EndGlobalSection
	GlobalSection(ExtensibilityGlobals) = postSolution
		SolutionGuid = {25715056-86CC-4460-99B8-3C22693FC8F1}
	EndGlobalSection
EndGlobal
