
Microsoft Visual Studio Solution File, Format Version 12.00
# Visual Studio Version 17
VisualStudioVersion = 17.13.35931.197 d17.13
MinimumVisualStudioVersion = 10.0.40219.1
Project("{8BC9CEB8-8B4A-11D0-8D11-00A0C91BC942}") = "06. Repainting", "06. Repainting\06. Repainting.vcxproj", "{02958809-CFA6-48D8-BC77-C2012C14D666}"
EndProject
Global
	GlobalSection(SolutionConfigurationPlatforms) = preSolution
		Debug|x64 = Debug|x64
		Debug|x86 = Debug|x86
		Release|x64 = Release|x64
		Release|x86 = Release|x86
	EndGlobalSection
	GlobalSection(ProjectConfigurationPlatforms) = postSolution
		{02958809-CFA6-48D8-BC77-C2012C14D666}.Debug|x64.ActiveCfg = Debug|x64
		{02958809-CFA6-48D8-BC77-C2012C14D666}.Debug|x64.Build.0 = Debug|x64
		{02958809-CFA6-48D8-BC77-C2012C14D666}.Debug|x86.ActiveCfg = Debug|Win32
		{02958809-CFA6-48D8-BC77-C2012C14D666}.Debug|x86.Build.0 = Debug|Win32
		{02958809-CFA6-48D8-BC77-C2012C14D666}.Release|x64.ActiveCfg = Release|x64
		{02958809-CFA6-48D8-BC77-C2012C14D666}.Release|x64.Build.0 = Release|x64
		{02958809-CFA6-48D8-BC77-C2012C14D666}.Release|x86.ActiveCfg = Release|Win32
		{02958809-CFA6-48D8-BC77-C2012C14D666}.Release|x86.Build.0 = Release|Win32
	EndGlobalSection
	GlobalSection(SolutionProperties) = preSolution
		HideSolutionNode = FALSE
	EndGlobalSection
	GlobalSection(ExtensibilityGlobals) = postSolution
		SolutionGuid = {0A1D62FB-4149-48EE-AC22-ABF24EC77E43}
	EndGlobalSection
EndGlobal
