
Microsoft Visual Studio Solution File, Format Version 12.00
# Visual Studio Version 17
VisualStudioVersion = 17.13.35931.197 d17.13
MinimumVisualStudioVersion = 10.0.40219.1
Project("{8BC9CEB8-8B4A-11D0-8D11-00A0C91BC942}") = "07. Area of Figures", "07. Area of Figures\07. Area of Figures.vcxproj", "{35C6083F-E2B0-44AA-8872-70D7FC8B7EEF}"
EndProject
Global
	GlobalSection(SolutionConfigurationPlatforms) = preSolution
		Debug|x64 = Debug|x64
		Debug|x86 = Debug|x86
		Release|x64 = Release|x64
		Release|x86 = Release|x86
	EndGlobalSection
	GlobalSection(ProjectConfigurationPlatforms) = postSolution
		{35C6083F-E2B0-44AA-8872-70D7FC8B7EEF}.Debug|x64.ActiveCfg = Debug|x64
		{35C6083F-E2B0-44AA-8872-70D7FC8B7EEF}.Debug|x64.Build.0 = Debug|x64
		{35C6083F-E2B0-44AA-8872-70D7FC8B7EEF}.Debug|x86.ActiveCfg = Debug|Win32
		{35C6083F-E2B0-44AA-8872-70D7FC8B7EEF}.Debug|x86.Build.0 = Debug|Win32
		{35C6083F-E2B0-44AA-8872-70D7FC8B7EEF}.Release|x64.ActiveCfg = Release|x64
		{35C6083F-E2B0-44AA-8872-70D7FC8B7EEF}.Release|x64.Build.0 = Release|x64
		{35C6083F-E2B0-44AA-8872-70D7FC8B7EEF}.Release|x86.ActiveCfg = Release|Win32
		{35C6083F-E2B0-44AA-8872-70D7FC8B7EEF}.Release|x86.Build.0 = Release|Win32
	EndGlobalSection
	GlobalSection(SolutionProperties) = preSolution
		HideSolutionNode = FALSE
	EndGlobalSection
	GlobalSection(ExtensibilityGlobals) = postSolution
		SolutionGuid = {A612587C-B40D-43A1-8336-4390FD3450F0}
	EndGlobalSection
EndGlobal
